<Solution>
  <Folder Name="/samples/">
    <Project Path="samples/BareWire.Samples.RabbitMQ/BareWire.Samples.RabbitMQ.csproj" />
    <Project Path="samples/BareWire.Samples.AppHost/BareWire.Samples.AppHost.csproj" />
    <Project Path="samples/BareWire.Samples.ServiceDefaults/BareWire.Samples.ServiceDefaults.csproj" />
    <Project Path="samples/BareWire.Samples.BasicPublishConsume/BareWire.Samples.BasicPublishConsume.csproj" />
    <Project Path="samples/BareWire.Samples.RequestResponse/BareWire.Samples.RequestResponse.csproj" />
    <Project Path="samples/BareWire.Samples.RawMessageInterop/BareWire.Samples.RawMessageInterop.csproj" />
    <Project Path="samples/BareWire.Samples.SagaOrderFlow/BareWire.Samples.SagaOrderFlow.csproj" />
    <Project Path="samples/BareWire.Samples.TransactionalOutbox/BareWire.Samples.TransactionalOutbox.csproj" />
    <Project Path="samples/BareWire.Samples.RetryAndDlq/BareWire.Samples.RetryAndDlq.csproj" />
    <Project Path="samples/BareWire.Samples.BackpressureDemo/BareWire.Samples.BackpressureDemo.csproj" />
    <Project Path="samples/BareWire.Samples.ObservabilityShowcase/BareWire.Samples.ObservabilityShowcase.csproj" />
    <Project Path="samples/BareWire.Samples.MultiConsumerPartitioning/BareWire.Samples.MultiConsumerPartitioning.csproj" />
    <Project Path="samples/BareWire.Samples.InboxDeduplication/BareWire.Samples.InboxDeduplication.csproj" />
    <Project Path="samples/BareWire.Samples.MassTransitInterop/BareWire.Samples.MassTransitInterop.csproj" />
    <Project Path="samples/BareWire.Samples.MassTransitRequestResponse/BareWire.Samples.MassTransitRequestResponse.csproj" />
    <Project Path="samples/BareWire.Samples.MassTransitToBareWire/BareWire.Samples.MassTransitToBareWire.csproj" />
    <Project Path="samples/BareWire.Samples.CloudEventsInterop/BareWire.Samples.CloudEventsInterop.csproj" />
    <Project Path="samples/BareWire.Samples.OrderedConsumers/BareWire.Samples.OrderedConsumers.csproj" />
    <Project Path="samples/BareWire.Samples.CompetingResponders/BareWire.Samples.CompetingResponders.csproj" />
    <Project Path="samples/BareWire.Samples.ConsumerRoutingKeys/BareWire.Samples.ConsumerRoutingKeys.csproj" />
  </Folder>
  <Folder Name="/src/">
    <Project Path="src/BareWire.Analyzers/BareWire.Analyzers.csproj" />
    <Project Path="src/BareWire.Abstractions/BareWire.Abstractions.csproj" />
    <Project Path="src/BareWire/BareWire.csproj" />
    <Project Path="src/BareWire.CloudEvents/BareWire.CloudEvents.csproj" />
    <Project Path="src/BareWire.Interop.MassTransit/BareWire.Interop.MassTransit.csproj" />
    <Project Path="src/BareWire.Observability/BareWire.Observability.csproj" />
    <Project Path="src/BareWire.Outbox.EntityFramework/BareWire.Outbox.EntityFramework.csproj" />
    <Project Path="src/BareWire.Outbox/BareWire.Outbox.csproj" />
    <Project Path="src/BareWire.Saga.EntityFramework/BareWire.Saga.EntityFramework.csproj" />
    <Project Path="src/BareWire.Saga.Redis/BareWire.Saga.Redis.csproj" />
    <Project Path="src/BareWire.Saga/BareWire.Saga.csproj" />
    <Project Path="src/BareWire.Serialization.Json/BareWire.Serialization.Json.csproj" />
    <Project Path="src/BareWire.Serialization.MsgPack/BareWire.Serialization.MsgPack.csproj" />
    <Project Path="src/BareWire.Testing/BareWire.Testing.csproj" />
    <Project Path="src/BareWire.Transport.AWS.SQS/BareWire.Transport.AWS.SQS.csproj" />
    <Project Path="src/BareWire.Transport.Google.PubSub/BareWire.Transport.Google.PubSub.csproj" />
    <Project Path="src/BareWire.Transport.AzureServiceBus/BareWire.Transport.AzureServiceBus.csproj" />
    <Project Path="src/BareWire.Transport.Kafka/BareWire.Transport.Kafka.csproj" />
    <Project Path="src/BareWire.Transport.RabbitMQ/BareWire.Transport.RabbitMQ.csproj" />
    <Project Path="src/BareWire.RabbitMQ/BareWire.RabbitMQ.csproj" />
    <Project Path="src/BareWire.Kafka/BareWire.Kafka.csproj" />
    <Project Path="src/BareWire.AzureServiceBus/BareWire.AzureServiceBus.csproj" />
    <Project Path="src/BareWire.AWS.SQS/BareWire.AWS.SQS.csproj" />
    <Project Path="src/BareWire.Google.PubSub/BareWire.Google.PubSub.csproj" />
  </Folder>
  <Folder Name="/tests/">
    <Project Path="tests/BareWire.Analyzers.Tests/BareWire.Analyzers.Tests.csproj" />
    <Project Path="tests/BareWire.AppHost/BareWire.AppHost.csproj" />
    <Project Path="tests/BareWire.Benchmarks/BareWire.Benchmarks.csproj" />
    <Project Path="tests/BareWire.ContractTests/BareWire.ContractTests.csproj" />
    <Project Path="tests/BareWire.IntegrationTests/BareWire.IntegrationTests.csproj" />
    <Project Path="tests/BareWire.OutboxE2EAppHost/BareWire.OutboxE2EAppHost.csproj" />
    <Project Path="tests/BareWire.UnitTests/BareWire.UnitTests.csproj" />
    <Project Path="tests/BareWire.E2ETests/BareWire.E2ETests.csproj" />
  </Folder>
</Solution>
